
Microsoft Visual Studio Solution File, Format Version 12.00
# Visual Studio 14
VisualStudioVersion = 14.0.23107.0
MinimumVisualStudioVersion = 10.0.40219.1
Project("{FAE04EC0-301F-11D3-BF4B-00C04F79EFBC}") = "application", "application\application.csproj", "{35360072-6679-411A-88AE-C68A8FB8BA13}"
EndProject
Global
	GlobalSection(SolutionConfigurationPlatforms) = preSolution
		Debug|Any CPU = Debug|Any CPU
		Release|Any CPU = Release|Any CPU
	EndGlobalSection
	GlobalSection(ProjectConfigurationPlatforms) = postSolution
		{35360072-6679-411A-88AE-C68A8FB8BA13}.Debug|Any CPU.ActiveCfg = Debug|Any CPU
		{35360072-6679-411A-88AE-C68A8FB8BA13}.Debug|Any CPU.Build.0 = Debug|Any CPU
		{35360072-6679-411A-88AE-C68A8FB8BA13}.Release|Any CPU.ActiveCfg = Release|Any CPU
		{35360072-6679-411A-88AE-C68A8FB8BA13}.Release|Any CPU.Build.0 = Release|Any CPU
	EndGlobalSection
	GlobalSection(SolutionProperties) = preSolution
		HideSolutionNode = FALSE
	EndGlobalSection
EndGlobal
